<?xml version="1.0" encoding="utf-8"?>
<Project ToolsVersion="4.0" xmlns="http://schemas.microsoft.com/developer/msbuild/2003">
  <ItemGroup>
    <Filter Include="Main">
      <UniqueIdentifier>{50a08860-8359-4d9f-b37f-3d905f9c0607}</UniqueIdentifier>
    </Filter>
    <Filter Include="Thread">
      <UniqueIdentifier>{cdf5ef8a-383b-4bca-a553-524b0c3b43c0}</UniqueIdentifier>
    </Filter>
    <Filter Include="Buffer">
      <UniqueIdentifier>{8af3b640-e157-431e-9950-f23baa050726}</UniqueIdentifier>
    </Filter>
    <Filter Include="Utils">
      <UniqueIdentifier>{f233aada-f7ac-4fa3-882f-883fa5605524}</UniqueIdentifier>
    </Filter>
    <Filter Include="Network">
      <UniqueIdentifier>{05b23613-0f6c-48ce-beaf-91fbb3be6c11}</UniqueIdentifier>
    </Filter>
    <Filter Include="protobuf">
      <UniqueIdentifier>{cd1f99fe-66a0-4f7b-9af8-6f49698816c2}</UniqueIdentifier>
    </Filter>
    <Filter Include="Contents">
      <UniqueIdentifier>{2143cbb4-c047-438b-a189-9427c83c99fa}</UniqueIdentifier>
    </Filter>
    <Filter Include="Packet">
      <UniqueIdentifier>{a6334ef8-bf2d-438b-8362-ba6b3ac82674}</UniqueIdentifier>
    </Filter>
  </ItemGroup>
  <ItemGroup>
    <ClCompile Include="ServerGlobal.cpp">
      <Filter>Main</Filter>
    </ClCompile>
    <ClCompile Include="ServerPch.cpp">
      <Filter>Main</Filter>
    </ClCompile>
    <ClCompile Include="pch.cpp">
      <Filter>Main</Filter>
    </ClCompile>
    <ClCompile Include="ThreadManager.cpp">
      <Filter>Thread</Filter>
    </ClCompile>
    <ClCompile Include="ServerTLS.cpp">
      <Filter>Thread</Filter>
    </ClCompile>
    <ClCompile Include="BufferPool.cpp">
      <Filter>Buffer</Filter>
    </ClCompile>
    <ClCompile Include="RecvBuffer.cpp">
      <Filter>Buffer</Filter>
    </ClCompile>
    <ClCompile Include="Buffer.cpp">
      <Filter>Buffer</Filter>
    </ClCompile>
    <ClCompile Include="ErrorHandler.cpp">
      <Filter>Utils</Filter>
    </ClCompile>
    <ClCompile Include="NetAddress.cpp">
      <Filter>Network</Filter>
    </ClCompile>
    <ClCompile Include="Listener.cpp">
      <Filter>Network</Filter>
    </ClCompile>
    <ClCompile Include="CompletionPortHandler.cpp">
      <Filter>Network</Filter>
    </ClCompile>
    <ClCompile Include="OverlappedEvent.cpp">
      <Filter>Network</Filter>
    </ClCompile>
    <ClCompile Include="Session.cpp">
      <Filter>Network</Filter>
    </ClCompile>
    <ClCompile Include="SocketEntity.cpp">
      <Filter>Network</Filter>
    </ClCompile>
    <ClCompile Include="SocketManager.cpp">
      <Filter>Network</Filter>
    </ClCompile>
    <ClCompile Include="Service.cpp">
      <Filter>Network</Filter>
    </ClCompile>
    <ClCompile Include="User.cpp">
      <Filter>Contents</Filter>
    </ClCompile>
    <ClCompile Include="LockFreeQueue.cpp">
      <Filter>Utils</Filter>
    </ClCompile>
    <ClCompile Include="JobQueue.cpp">
      <Filter>Utils</Filter>
    </ClCompile>
    <ClCompile Include="JobTimer.cpp">
      <Filter>Utils</Filter>
    </ClCompile>
    <ClCompile Include="Job.cpp">
      <Filter>Utils</Filter>
    </ClCompile>
  </ItemGroup>
  <ItemGroup>
    <ClInclude Include="pch.h">
      <Filter>Main</Filter>
    </ClInclude>
    <ClInclude Include="ServerPch.h">
      <Filter>Main</Filter>
    </ClInclude>
    <ClInclude Include="ServerGlobal.h">
      <Filter>Main</Filter>
    </ClInclude>
    <ClInclude Include="types.h">
      <Filter>Main</Filter>
    </ClInclude>
    <ClInclude Include="ServerTLS.h">
      <Filter>Thread</Filter>
    </ClInclude>
    <ClInclude Include="ThreadManager.h">
      <Filter>Thread</Filter>
    </ClInclude>
    <ClInclude Include="Buffer.h">
      <Filter>Buffer</Filter>
    </ClInclude>
    <ClInclude Include="RecvBuffer.h">
      <Filter>Buffer</Filter>
    </ClInclude>
    <ClInclude Include="BufferPool.h">
      <Filter>Buffer</Filter>
    </ClInclude>
    <ClInclude Include="ErrorHandler.h">
      <Filter>Utils</Filter>
    </ClInclude>
    <ClInclude Include="CompletionPortHandler.h">
      <Filter>Network</Filter>
    </ClInclude>
    <ClInclude Include="Listener.h">
      <Filter>Network</Filter>
    </ClInclude>
    <ClInclude Include="NetAddress.h">
      <Filter>Network</Filter>
    </ClInclude>
    <ClInclude Include="OverlappedEvent.h">
      <Filter>Network</Filter>
    </ClInclude>
    <ClInclude Include="Session.h">
      <Filter>Network</Filter>
    </ClInclude>
    <ClInclude Include="SocketEntity.h">
      <Filter>Network</Filter>
    </ClInclude>
    <ClInclude Include="SocketManager.h">
      <Filter>Network</Filter>
    </ClInclude>
    <ClInclude Include="Service.h">
      <Filter>Network</Filter>
    </ClInclude>
    <ClInclude Include="Mecro.h">
      <Filter>Utils</Filter>
    </ClInclude>
    <ClInclude Include="User.h">
      <Filter>Contents</Filter>
    </ClInclude>
    <ClInclude Include="LockFreeQueue.h">
      <Filter>Utils</Filter>
    </ClInclude>
    <ClInclude Include="JobQueue.h">
      <Filter>Utils</Filter>
    </ClInclude>
    <ClInclude Include="JobTimer.h">
      <Filter>Utils</Filter>
    </ClInclude>
    <ClInclude Include="Job.h">
      <Filter>Utils</Filter>
    </ClInclude>
    <ClInclude Include="PacketHeader.h">
      <Filter>Packet</Filter>
    </ClInclude>
  </ItemGroup>
  <ItemGroup>
    <None Include="..\protobuf\messageTest.proto">
      <Filter>protobuf</Filter>
    </None>
    <None Include="..\protobuf\protobuf.bat">
      <Filter>protobuf</Filter>
    </None>
  </ItemGroup>
</Project>